// !$*UTF8*$!
{
	archiveVersion = 1;
	classes = {
	};
	objectVersion = 48;
	objects = {

/* Begin PBXBuildFile section */
		050106F46899999BD087E96A /* Pods_LQPlayerUITests.framework in Frameworks */ = {isa = PBXBuildFile; fileRef = 64D3A95333C803DC406D9716 /* Pods_LQPlayerUITests.framework */; };
		6242BCB220660C9600DC53C4 /* GridViewCell.swift in Sources */ = {isa = PBXBuildFile; fileRef = 6242BCB120660C9600DC53C4 /* GridViewCell.swift */; };
		6242BCB42066565B00DC53C4 /* GirdReusableView.swift in Sources */ = {isa = PBXBuildFile; fileRef = 6242BCB32066565B00DC53C4 /* GirdReusableView.swift */; };
		6242BCB62068DAA400DC53C4 /* MediaBrowserViewController.swift in Sources */ = {isa = PBXBuildFile; fileRef = 6242BCB52068DAA400DC53C4 /* MediaBrowserViewController.swift */; };
		6242BCB92068F48200DC53C4 /* ScaleAnimator.swift in Sources */ = {isa = PBXBuildFile; fileRef = 6242BCB72068F48200DC53C4 /* ScaleAnimator.swift */; };
		6242BCBA2068F48200DC53C4 /* ScaleAnimatorCoordinator.swift in Sources */ = {isa = PBXBuildFile; fileRef = 6242BCB82068F48200DC53C4 /* ScaleAnimatorCoordinator.swift */; };
		6242BCBD2068F5E000DC53C4 /* Store.swift in Sources */ = {isa = PBXBuildFile; fileRef = 6242BCBC2068F5E000DC53C4 /* Store.swift */; };
		6242BCBF2068F90B00DC53C4 /* MediaBrowserLayout.swift in Sources */ = {isa = PBXBuildFile; fileRef = 6242BCBE2068F90B00DC53C4 /* MediaBrowserLayout.swift */; };
		6242BCC12068FA4300DC53C4 /* MediaBrowserViewControllerDelegate.swift in Sources */ = {isa = PBXBuildFile; fileRef = 6242BCC02068FA4300DC53C4 /* MediaBrowserViewControllerDelegate.swift */; };
		6242BCC32068FCEF00DC53C4 /* BrowserCollectionView.swift in Sources */ = {isa = PBXBuildFile; fileRef = 6242BCC22068FCEF00DC53C4 /* BrowserCollectionView.swift */; };
		6242BCC52068FD9600DC53C4 /* MediaBrowserCollectionViewDataSource.swift in Sources */ = {isa = PBXBuildFile; fileRef = 6242BCC42068FD9600DC53C4 /* MediaBrowserCollectionViewDataSource.swift */; };
		6242BCC72069D90900DC53C4 /* AssetModel.swift in Sources */ = {isa = PBXBuildFile; fileRef = 6242BCC62069D90900DC53C4 /* AssetModel.swift */; };
		6242BCC92069F59900DC53C4 /* PhotoBrowserCell.swift in Sources */ = {isa = PBXBuildFile; fileRef = 6242BCC82069F59900DC53C4 /* PhotoBrowserCell.swift */; };
		6242BCCB2069F5CE00DC53C4 /* VideoBrowserCell.swift in Sources */ = {isa = PBXBuildFile; fileRef = 6242BCCA2069F5CE00DC53C4 /* VideoBrowserCell.swift */; };
		6242BCCF206B770600DC53C4 /* Utils.swift in Sources */ = {isa = PBXBuildFile; fileRef = 6242BCCE206B770600DC53C4 /* Utils.swift */; };
		628D0C3D2062309D008AB20F /* AlbumCollectionViewController.swift in Sources */ = {isa = PBXBuildFile; fileRef = 628D0C3C2062309D008AB20F /* AlbumCollectionViewController.swift */; };
		628D0C3F2063505C008AB20F /* AssetGridViewController.swift in Sources */ = {isa = PBXBuildFile; fileRef = 628D0C3E2063505C008AB20F /* AssetGridViewController.swift */; };
		628D0C4120635FE7008AB20F /* LQMdeiaBrowserManager.swift in Sources */ = {isa = PBXBuildFile; fileRef = 628D0C4020635FE7008AB20F /* LQMdeiaBrowserManager.swift */; };
		62F204AC206DEAFE00B7E9FF /* TabBarViewController.swift in Sources */ = {isa = PBXBuildFile; fileRef = 62F204AB206DEAFE00B7E9FF /* TabBarViewController.swift */; };
		62F204B3206DF94F00B7E9FF /* Album.storyboard in Resources */ = {isa = PBXBuildFile; fileRef = 62F204AF206DF94F00B7E9FF /* Album.storyboard */; };
		62F204B4206DF94F00B7E9FF /* Other.storyboard in Resources */ = {isa = PBXBuildFile; fileRef = 62F204B1206DF94F00B7E9FF /* Other.storyboard */; };
		62F7C1A8205114FA009E3F4E /* AppDelegate.swift in Sources */ = {isa = PBXBuildFile; fileRef = 62F7C1A7205114FA009E3F4E /* AppDelegate.swift */; };
		62F7C1AA205114FA009E3F4E /* ViewController.swift in Sources */ = {isa = PBXBuildFile; fileRef = 62F7C1A9205114FA009E3F4E /* ViewController.swift */; };
		62F7C1AD205114FA009E3F4E /* Main.storyboard in Resources */ = {isa = PBXBuildFile; fileRef = 62F7C1AB205114FA009E3F4E /* Main.storyboard */; };
		62F7C1AF205114FA009E3F4E /* Assets.xcassets in Resources */ = {isa = PBXBuildFile; fileRef = 62F7C1AE205114FA009E3F4E /* Assets.xcassets */; };
		62F7C1B2205114FA009E3F4E /* LaunchScreen.storyboard in Resources */ = {isa = PBXBuildFile; fileRef = 62F7C1B0205114FA009E3F4E /* LaunchScreen.storyboard */; };
		62F7C1BD205114FA009E3F4E /* LQPlayerTests.swift in Sources */ = {isa = PBXBuildFile; fileRef = 62F7C1BC205114FA009E3F4E /* LQPlayerTests.swift */; };
		62F7C1C8205114FA009E3F4E /* LQPlayerUITests.swift in Sources */ = {isa = PBXBuildFile; fileRef = 62F7C1C7205114FA009E3F4E /* LQPlayerUITests.swift */; };
		62F7C1D6205120F3009E3F4E /* PhotoCollectionViewCell.swift in Sources */ = {isa = PBXBuildFile; fileRef = 62F7C1D5205120F3009E3F4E /* PhotoCollectionViewCell.swift */; };
		BF206AAF5F311D22AADC516F /* Pods_LQPlayerTests.framework in Frameworks */ = {isa = PBXBuildFile; fileRef = CCB2BD6D10E50365A6733ECA /* Pods_LQPlayerTests.framework */; };
		D5DD785F4FF7D4F2851DD6FD /* Pods_LQPlayer.framework in Frameworks */ = {isa = PBXBuildFile; fileRef = 10E9A5ABABA19B8E0381A17A /* Pods_LQPlayer.framework */; };
/* End PBXBuildFile section */

/* Begin PBXContainerItemProxy section */
		62F7C1B9205114FA009E3F4E /* PBXContainerItemProxy */ = {
			isa = PBXContainerItemProxy;
			containerPortal = 62F7C19C205114FA009E3F4E /* Project object */;
			proxyType = 1;
			remoteGlobalIDString = 62F7C1A3205114FA009E3F4E;
			remoteInfo = LQPlayer;
		};
		62F7C1C4205114FA009E3F4E /* PBXContainerItemProxy */ = {
			isa = PBXContainerItemProxy;
			containerPortal = 62F7C19C205114FA009E3F4E /* Project object */;
			proxyType = 1;
			remoteGlobalIDString = 62F7C1A3205114FA009E3F4E;
			remoteInfo = LQPlayer;
		};
/* End PBXContainerItemProxy section */

/* Begin PBXFileReference section */
		10E9A5ABABA19B8E0381A17A /* Pods_LQPlayer.framework */ = {isa = PBXFileReference; explicitFileType = wrapper.framework; includeInIndex = 0; path = Pods_LQPlayer.framework; sourceTree = BUILT_PRODUCTS_DIR; };
		186EB397D3AF68593C070903 /* Pods-LQPlayer.release.xcconfig */ = {isa = PBXFileReference; includeInIndex = 1; lastKnownFileType = text.xcconfig; name = "Pods-LQPlayer.release.xcconfig"; path = "Pods/Target Support Files/Pods-LQPlayer/Pods-LQPlayer.release.xcconfig"; sourceTree = "<group>"; };
		37FD40C386075D0B35A815F5 /* Pods-LQPlayerTests.debug.xcconfig */ = {isa = PBXFileReference; includeInIndex = 1; lastKnownFileType = text.xcconfig; name = "Pods-LQPlayerTests.debug.xcconfig"; path = "Pods/Target Support Files/Pods-LQPlayerTests/Pods-LQPlayerTests.debug.xcconfig"; sourceTree = "<group>"; };
		53A3FD9214EB1C2F84E77D11 /* Pods-LQPlayer.debug.xcconfig */ = {isa = PBXFileReference; includeInIndex = 1; lastKnownFileType = text.xcconfig; name = "Pods-LQPlayer.debug.xcconfig"; path = "Pods/Target Support Files/Pods-LQPlayer/Pods-LQPlayer.debug.xcconfig"; sourceTree = "<group>"; };
		6242BCB120660C9600DC53C4 /* GridViewCell.swift */ = {isa = PBXFileReference; lastKnownFileType = sourcecode.swift; path = GridViewCell.swift; sourceTree = "<group>"; };
		6242BCB32066565B00DC53C4 /* GirdReusableView.swift */ = {isa = PBXFileReference; lastKnownFileType = sourcecode.swift; path = GirdReusableView.swift; sourceTree = "<group>"; };
		6242BCB52068DAA400DC53C4 /* MediaBrowserViewController.swift */ = {isa = PBXFileReference; lastKnownFileType = sourcecode.swift; path = MediaBrowserViewController.swift; sourceTree = "<group>"; };
		6242BCB72068F48200DC53C4 /* ScaleAnimator.swift */ = {isa = PBXFileReference; fileEncoding = 4; lastKnownFileType = sourcecode.swift; path = ScaleAnimator.swift; sourceTree = "<group>"; };
		6242BCB82068F48200DC53C4 /* ScaleAnimatorCoordinator.swift */ = {isa = PBXFileReference; fileEncoding = 4; lastKnownFileType = sourcecode.swift; path = ScaleAnimatorCoordinator.swift; sourceTree = "<group>"; };
		6242BCBC2068F5E000DC53C4 /* Store.swift */ = {isa = PBXFileReference; lastKnownFileType = sourcecode.swift; path = Store.swift; sourceTree = "<group>"; };
		6242BCBE2068F90B00DC53C4 /* MediaBrowserLayout.swift */ = {isa = PBXFileReference; fileEncoding = 4; lastKnownFileType = sourcecode.swift; path = MediaBrowserLayout.swift; sourceTree = "<group>"; };
		6242BCC02068FA4300DC53C4 /* MediaBrowserViewControllerDelegate.swift */ = {isa = PBXFileReference; lastKnownFileType = sourcecode.swift; path = MediaBrowserViewControllerDelegate.swift; sourceTree = "<group>"; };
		6242BCC22068FCEF00DC53C4 /* BrowserCollectionView.swift */ = {isa = PBXFileReference; lastKnownFileType = sourcecode.swift; path = BrowserCollectionView.swift; sourceTree = "<group>"; };
		6242BCC42068FD9600DC53C4 /* MediaBrowserCollectionViewDataSource.swift */ = {isa = PBXFileReference; lastKnownFileType = sourcecode.swift; path = MediaBrowserCollectionViewDataSource.swift; sourceTree = "<group>"; };
		6242BCC62069D90900DC53C4 /* AssetModel.swift */ = {isa = PBXFileReference; lastKnownFileType = sourcecode.swift; path = AssetModel.swift; sourceTree = "<group>"; };
		6242BCC82069F59900DC53C4 /* PhotoBrowserCell.swift */ = {isa = PBXFileReference; lastKnownFileType = sourcecode.swift; path = PhotoBrowserCell.swift; sourceTree = "<group>"; };
		6242BCCA2069F5CE00DC53C4 /* VideoBrowserCell.swift */ = {isa = PBXFileReference; lastKnownFileType = sourcecode.swift; path = VideoBrowserCell.swift; sourceTree = "<group>"; };
		6242BCCE206B770600DC53C4 /* Utils.swift */ = {isa = PBXFileReference; lastKnownFileType = sourcecode.swift; path = Utils.swift; sourceTree = "<group>"; };
		628D0C3C2062309D008AB20F /* AlbumCollectionViewController.swift */ = {isa = PBXFileReference; lastKnownFileType = sourcecode.swift; path = AlbumCollectionViewController.swift; sourceTree = "<group>"; };
		628D0C3E2063505C008AB20F /* AssetGridViewController.swift */ = {isa = PBXFileReference; lastKnownFileType = sourcecode.swift; path = AssetGridViewController.swift; sourceTree = "<group>"; };
		628D0C4020635FE7008AB20F /* LQMdeiaBrowserManager.swift */ = {isa = PBXFileReference; lastKnownFileType = sourcecode.swift; path = LQMdeiaBrowserManager.swift; sourceTree = "<group>"; };
		62F204AB206DEAFE00B7E9FF /* TabBarViewController.swift */ = {isa = PBXFileReference; lastKnownFileType = sourcecode.swift; path = TabBarViewController.swift; sourceTree = "<group>"; };
		62F204B0206DF94F00B7E9FF /* Base */ = {isa = PBXFileReference; lastKnownFileType = file.storyboard; name = Base; path = Base.lproj/Album.storyboard; sourceTree = "<group>"; };
		62F204B2206DF94F00B7E9FF /* Base */ = {isa = PBXFileReference; lastKnownFileType = file.storyboard; name = Base; path = Base.lproj/Other.storyboard; sourceTree = "<group>"; };
		62F7C1A4205114FA009E3F4E /* LQPlayer.app */ = {isa = PBXFileReference; explicitFileType = wrapper.application; includeInIndex = 0; path = LQPlayer.app; sourceTree = BUILT_PRODUCTS_DIR; };
		62F7C1A7205114FA009E3F4E /* AppDelegate.swift */ = {isa = PBXFileReference; lastKnownFileType = sourcecode.swift; path = AppDelegate.swift; sourceTree = "<group>"; };
		62F7C1A9205114FA009E3F4E /* ViewController.swift */ = {isa = PBXFileReference; lastKnownFileType = sourcecode.swift; path = ViewController.swift; sourceTree = "<group>"; };
		62F7C1AC205114FA009E3F4E /* Base */ = {isa = PBXFileReference; lastKnownFileType = file.storyboard; name = Base; path = Base.lproj/Main.storyboard; sourceTree = "<group>"; };
		62F7C1AE205114FA009E3F4E /* Assets.xcassets */ = {isa = PBXFileReference; lastKnownFileType = folder.assetcatalog; path = Assets.xcassets; sourceTree = "<group>"; };
		62F7C1B1205114FA009E3F4E /* Base */ = {isa = PBXFileReference; lastKnownFileType = file.storyboard; name = Base; path = Base.lproj/LaunchScreen.storyboard; sourceTree = "<group>"; };
		62F7C1B3205114FA009E3F4E /* Info.plist */ = {isa = PBXFileReference; lastKnownFileType = text.plist.xml; path = Info.plist; sourceTree = "<group>"; };
		62F7C1B8205114FA009E3F4E /* LQPlayerTests.xctest */ = {isa = PBXFileReference; explicitFileType = wrapper.cfbundle; includeInIndex = 0; path = LQPlayerTests.xctest; sourceTree = BUILT_PRODUCTS_DIR; };
		62F7C1BC205114FA009E3F4E /* LQPlayerTests.swift */ = {isa = PBXFileReference; lastKnownFileType = sourcecode.swift; path = LQPlayerTests.swift; sourceTree = "<group>"; };
		62F7C1BE205114FA009E3F4E /* Info.plist */ = {isa = PBXFileReference; lastKnownFileType = text.plist.xml; path = Info.plist; sourceTree = "<group>"; };
		62F7C1C3205114FA009E3F4E /* LQPlayerUITests.xctest */ = {isa = PBXFileReference; explicitFileType = wrapper.cfbundle; includeInIndex = 0; path = LQPlayerUITests.xctest; sourceTree = BUILT_PRODUCTS_DIR; };
		62F7C1C7205114FA009E3F4E /* LQPlayerUITests.swift */ = {isa = PBXFileReference; lastKnownFileType = sourcecode.swift; path = LQPlayerUITests.swift; sourceTree = "<group>"; };
		62F7C1C9205114FA009E3F4E /* Info.plist */ = {isa = PBXFileReference; lastKnownFileType = text.plist.xml; path = Info.plist; sourceTree = "<group>"; };
		62F7C1D5205120F3009E3F4E /* PhotoCollectionViewCell.swift */ = {isa = PBXFileReference; lastKnownFileType = sourcecode.swift; path = PhotoCollectionViewCell.swift; sourceTree = "<group>"; };
		64D3A95333C803DC406D9716 /* Pods_LQPlayerUITests.framework */ = {isa = PBXFileReference; explicitFileType = wrapper.framework; includeInIndex = 0; path = Pods_LQPlayerUITests.framework; sourceTree = BUILT_PRODUCTS_DIR; };
		9D50AE245A58601F85A8C714 /* Pods-LQPlayerUITests.release.xcconfig */ = {isa = PBXFileReference; includeInIndex = 1; lastKnownFileType = text.xcconfig; name = "Pods-LQPlayerUITests.release.xcconfig"; path = "Pods/Target Support Files/Pods-LQPlayerUITests/Pods-LQPlayerUITests.release.xcconfig"; sourceTree = "<group>"; };
		CCB2BD6D10E50365A6733ECA /* Pods_LQPlayerTests.framework */ = {isa = PBXFileReference; explicitFileType = wrapper.framework; includeInIndex = 0; path = Pods_LQPlayerTests.framework; sourceTree = BUILT_PRODUCTS_DIR; };
		D5BFFA5B73A1E3BE629E8B62 /* Pods-LQPlayerTests.release.xcconfig */ = {isa = PBXFileReference; includeInIndex = 1; lastKnownFileType = text.xcconfig; name = "Pods-LQPlayerTests.release.xcconfig"; path = "Pods/Target Support Files/Pods-LQPlayerTests/Pods-LQPlayerTests.release.xcconfig"; sourceTree = "<group>"; };
		F1F103EBB28EDB5C9F05B5B0 /* Pods-LQPlayerUITests.debug.xcconfig */ = {isa = PBXFileReference; includeInIndex = 1; lastKnownFileType = text.xcconfig; name = "Pods-LQPlayerUITests.debug.xcconfig"; path = "Pods/Target Support Files/Pods-LQPlayerUITests/Pods-LQPlayerUITests.debug.xcconfig"; sourceTree = "<group>"; };
/* End PBXFileReference section */

/* Begin PBXFrameworksBuildPhase section */
		62F7C1A1205114FA009E3F4E /* Frameworks */ = {
			isa = PBXFrameworksBuildPhase;
			buildActionMask = 2147483647;
			files = (
				D5DD785F4FF7D4F2851DD6FD /* Pods_LQPlayer.framework in Frameworks */,
			);
			runOnlyForDeploymentPostprocessing = 0;
		};
		62F7C1B5205114FA009E3F4E /* Frameworks */ = {
			isa = PBXFrameworksBuildPhase;
			buildActionMask = 2147483647;
			files = (
				BF206AAF5F311D22AADC516F /* Pods_LQPlayerTests.framework in Frameworks */,
			);
			runOnlyForDeploymentPostprocessing = 0;
		};
		62F7C1C0205114FA009E3F4E /* Frameworks */ = {
			isa = PBXFrameworksBuildPhase;
			buildActionMask = 2147483647;
			files = (
				050106F46899999BD087E96A /* Pods_LQPlayerUITests.framework in Frameworks */,
			);
			runOnlyForDeploymentPostprocessing = 0;
		};
/* End PBXFrameworksBuildPhase section */

/* Begin PBXGroup section */
		07934B266104F5F016CD8CF8 /* Frameworks */ = {
			isa = PBXGroup;
			children = (
				10E9A5ABABA19B8E0381A17A /* Pods_LQPlayer.framework */,
				CCB2BD6D10E50365A6733ECA /* Pods_LQPlayerTests.framework */,
				64D3A95333C803DC406D9716 /* Pods_LQPlayerUITests.framework */,
			);
			name = Frameworks;
			sourceTree = "<group>";
		};
		6242BCBB2068F5D000DC53C4 /* Store */ = {
			isa = PBXGroup;
			children = (
				6242BCBC2068F5E000DC53C4 /* Store.swift */,
			);
			path = Store;
			sourceTree = "<group>";
		};
		628D0C3B20623041008AB20F /* LQMediaBrowser */ = {
			isa = PBXGroup;
			children = (
				62F204A9206CD3C500B7E9FF /* Browser */,
				62F204A8206CD39F00B7E9FF /* Grid */,
				628D0C4020635FE7008AB20F /* LQMdeiaBrowserManager.swift */,
				6242BCCE206B770600DC53C4 /* Utils.swift */,
			);
			path = LQMediaBrowser;
			sourceTree = "<group>";
		};
		62F204A8206CD39F00B7E9FF /* Grid */ = {
			isa = PBXGroup;
			children = (
				628D0C3E2063505C008AB20F /* AssetGridViewController.swift */,
				6242BCB120660C9600DC53C4 /* GridViewCell.swift */,
				6242BCB32066565B00DC53C4 /* GirdReusableView.swift */,
				6242BCC62069D90900DC53C4 /* AssetModel.swift */,
			);
			path = Grid;
			sourceTree = "<group>";
		};
		62F204A9206CD3C500B7E9FF /* Browser */ = {
			isa = PBXGroup;
			children = (
				628D0C3C2062309D008AB20F /* AlbumCollectionViewController.swift */,
				6242BCB52068DAA400DC53C4 /* MediaBrowserViewController.swift */,
				6242BCC42068FD9600DC53C4 /* MediaBrowserCollectionViewDataSource.swift */,
				6242BCC02068FA4300DC53C4 /* MediaBrowserViewControllerDelegate.swift */,
				6242BCC22068FCEF00DC53C4 /* BrowserCollectionView.swift */,
				6242BCC82069F59900DC53C4 /* PhotoBrowserCell.swift */,
				6242BCCA2069F5CE00DC53C4 /* VideoBrowserCell.swift */,
				6242BCB72068F48200DC53C4 /* ScaleAnimator.swift */,
				6242BCB82068F48200DC53C4 /* ScaleAnimatorCoordinator.swift */,
				6242BCBE2068F90B00DC53C4 /* MediaBrowserLayout.swift */,
			);
			path = Browser;
			sourceTree = "<group>";
		};
		62F7C19B205114FA009E3F4E = {
			isa = PBXGroup;
			children = (
				62F7C1A6205114FA009E3F4E /* LQPlayer */,
				62F7C1BB205114FA009E3F4E /* LQPlayerTests */,
				62F7C1C6205114FA009E3F4E /* LQPlayerUITests */,
				62F7C1A5205114FA009E3F4E /* Products */,
				C18F6008B704DF6739B6BA9F /* Pods */,
				07934B266104F5F016CD8CF8 /* Frameworks */,
			);
			sourceTree = "<group>";
		};
		62F7C1A5205114FA009E3F4E /* Products */ = {
			isa = PBXGroup;
			children = (
				62F7C1A4205114FA009E3F4E /* LQPlayer.app */,
				62F7C1B8205114FA009E3F4E /* LQPlayerTests.xctest */,
				62F7C1C3205114FA009E3F4E /* LQPlayerUITests.xctest */,
			);
			name = Products;
			sourceTree = "<group>";
		};
		62F7C1A6205114FA009E3F4E /* LQPlayer */ = {
			isa = PBXGroup;
			children = (
				62F7C1A7205114FA009E3F4E /* AppDelegate.swift */,
				62F7C1A9205114FA009E3F4E /* ViewController.swift */,
				62F204AB206DEAFE00B7E9FF /* TabBarViewController.swift */,
				62F7C1D5205120F3009E3F4E /* PhotoCollectionViewCell.swift */,
				6242BCBB2068F5D000DC53C4 /* Store */,
				628D0C3B20623041008AB20F /* LQMediaBrowser */,
				62F7C1AB205114FA009E3F4E /* Main.storyboard */,
				62F204AF206DF94F00B7E9FF /* Album.storyboard */,
				62F204B1206DF94F00B7E9FF /* Other.storyboard */,
				62F7C1AE205114FA009E3F4E /* Assets.xcassets */,
				62F7C1B0205114FA009E3F4E /* LaunchScreen.storyboard */,
				62F7C1B3205114FA009E3F4E /* Info.plist */,
			);
			path = LQPlayer;
			sourceTree = "<group>";
		};
		62F7C1BB205114FA009E3F4E /* LQPlayerTests */ = {
			isa = PBXGroup;
			children = (
				62F7C1BC205114FA009E3F4E /* LQPlayerTests.swift */,
				62F7C1BE205114FA009E3F4E /* Info.plist */,
			);
			path = LQPlayerTests;
			sourceTree = "<group>";
		};
		62F7C1C6205114FA009E3F4E /* LQPlayerUITests */ = {
			isa = PBXGroup;
			children = (
				62F7C1C7205114FA009E3F4E /* LQPlayerUITests.swift */,
				62F7C1C9205114FA009E3F4E /* Info.plist */,
			);
			path = LQPlayerUITests;
			sourceTree = "<group>";
		};
		C18F6008B704DF6739B6BA9F /* Pods */ = {
			isa = PBXGroup;
			children = (
				53A3FD9214EB1C2F84E77D11 /* Pods-LQPlayer.debug.xcconfig */,
				186EB397D3AF68593C070903 /* Pods-LQPlayer.release.xcconfig */,
				37FD40C386075D0B35A815F5 /* Pods-LQPlayerTests.debug.xcconfig */,
				D5BFFA5B73A1E3BE629E8B62 /* Pods-LQPlayerTests.release.xcconfig */,
				F1F103EBB28EDB5C9F05B5B0 /* Pods-LQPlayerUITests.debug.xcconfig */,
				9D50AE245A58601F85A8C714 /* Pods-LQPlayerUITests.release.xcconfig */,
			);
			name = Pods;
			sourceTree = "<group>";
		};
/* End PBXGroup section */

/* Begin PBXNativeTarget section */
		62F7C1A3205114FA009E3F4E /* LQPlayer */ = {
			isa = PBXNativeTarget;
			buildConfigurationList = 62F7C1CC205114FA009E3F4E /* Build configuration list for PBXNativeTarget "LQPlayer" */;
			buildPhases = (
				9A8C124D995268F3F44467CD /* [CP] Check Pods Manifest.lock */,
				62F7C1A0205114FA009E3F4E /* Sources */,
				62F7C1A1205114FA009E3F4E /* Frameworks */,
				62F7C1A2205114FA009E3F4E /* Resources */,
				85C5FC0BFC66DB0BB38522F5 /* [CP] Embed Pods Frameworks */,
				EE4942711EF4C456582FC345 /* [CP] Copy Pods Resources */,
			);
			buildRules = (
			);
			dependencies = (
			);
			name = LQPlayer;
			productName = LQPlayer;
			productReference = 62F7C1A4205114FA009E3F4E /* LQPlayer.app */;
			productType = "com.apple.product-type.application";
		};
		62F7C1B7205114FA009E3F4E /* LQPlayerTests */ = {
			isa = PBXNativeTarget;
			buildConfigurationList = 62F7C1CF205114FA009E3F4E /* Build configuration list for PBXNativeTarget "LQPlayerTests" */;
			buildPhases = (
				551638C0E885E709C144BC74 /* [CP] Check Pods Manifest.lock */,
				62F7C1B4205114FA009E3F4E /* Sources */,
				62F7C1B5205114FA009E3F4E /* Frameworks */,
				62F7C1B6205114FA009E3F4E /* Resources */,
				4CEDC48553F7E74838FC6C95 /* [CP] Embed Pods Frameworks */,
				94B3CCC425031207999F22ED /* [CP] Copy Pods Resources */,
			);
			buildRules = (
			);
			dependencies = (
				62F7C1BA205114FA009E3F4E /* PBXTargetDependency */,
			);
			name = LQPlayerTests;
			productName = LQPlayerTests;
			productReference = 62F7C1B8205114FA009E3F4E /* LQPlayerTests.xctest */;
			productType = "com.apple.product-type.bundle.unit-test";
		};
		62F7C1C2205114FA009E3F4E /* LQPlayerUITests */ = {
			isa = PBXNativeTarget;
			buildConfigurationList = 62F7C1D2205114FA009E3F4E /* Build configuration list for PBXNativeTarget "LQPlayerUITests" */;
			buildPhases = (
				94032384F7914DAE359351F3 /* [CP] Check Pods Manifest.lock */,
				62F7C1BF205114FA009E3F4E /* Sources */,
				62F7C1C0205114FA009E3F4E /* Frameworks */,
				62F7C1C1205114FA009E3F4E /* Resources */,
				546C3F5E3A706563F9B21CB3 /* [CP] Embed Pods Frameworks */,
				8A1F84E40AEA7F61C47FB638 /* [CP] Copy Pods Resources */,
			);
			buildRules = (
			);
			dependencies = (
				62F7C1C5205114FA009E3F4E /* PBXTargetDependency */,
			);
			name = LQPlayerUITests;
			productName = LQPlayerUITests;
			productReference = 62F7C1C3205114FA009E3F4E /* LQPlayerUITests.xctest */;
			productType = "com.apple.product-type.bundle.ui-testing";
		};
/* End PBXNativeTarget section */

/* Begin PBXProject section */
		62F7C19C205114FA009E3F4E /* Project object */ = {
			isa = PBXProject;
			attributes = {
				LastSwiftUpdateCheck = 0920;
				LastUpgradeCheck = 0920;
				ORGANIZATIONNAME = laiqu;
				TargetAttributes = {
					62F7C1A3205114FA009E3F4E = {
						CreatedOnToolsVersion = 9.2;
						ProvisioningStyle = Automatic;
					};
					62F7C1B7205114FA009E3F4E = {
						CreatedOnToolsVersion = 9.2;
						ProvisioningStyle = Automatic;
						TestTargetID = 62F7C1A3205114FA009E3F4E;
					};
					62F7C1C2205114FA009E3F4E = {
						CreatedOnToolsVersion = 9.2;
						ProvisioningStyle = Automatic;
						TestTargetID = 62F7C1A3205114FA009E3F4E;
					};
				};
			};
			buildConfigurationList = 62F7C19F205114FA009E3F4E /* Build configuration list for PBXProject "LQPlayer" */;
			compatibilityVersion = "Xcode 8.0";
			developmentRegion = en;
			hasScannedForEncodings = 0;
			knownRegions = (
				en,
				Base,
			);
			mainGroup = 62F7C19B205114FA009E3F4E;
			productRefGroup = 62F7C1A5205114FA009E3F4E /* Products */;
			projectDirPath = "";
			projectRoot = "";
			targets = (
				62F7C1A3205114FA009E3F4E /* LQPlayer */,
				62F7C1B7205114FA009E3F4E /* LQPlayerTests */,
				62F7C1C2205114FA009E3F4E /* LQPlayerUITests */,
			);
		};
/* End PBXProject section */

/* Begin PBXResourcesBuildPhase section */
		62F7C1A2205114FA009E3F4E /* Resources */ = {
			isa = PBXResourcesBuildPhase;
			buildActionMask = 2147483647;
			files = (
				62F204B3206DF94F00B7E9FF /* Album.storyboard in Resources */,
				62F204B4206DF94F00B7E9FF /* Other.storyboard in Resources */,
				62F7C1B2205114FA009E3F4E /* LaunchScreen.storyboard in Resources */,
				62F7C1AF205114FA009E3F4E /* Assets.xcassets in Resources */,
				62F7C1AD205114FA009E3F4E /* Main.storyboard in Resources */,
			);
			runOnlyForDeploymentPostprocessing = 0;
		};
		62F7C1B6205114FA009E3F4E /* Resources */ = {
			isa = PBXResourcesBuildPhase;
			buildActionMask = 2147483647;
			files = (
			);
			runOnlyForDeploymentPostprocessing = 0;
		};
		62F7C1C1205114FA009E3F4E /* Resources */ = {
			isa = PBXResourcesBuildPhase;
			buildActionMask = 2147483647;
			files = (
			);
			runOnlyForDeploymentPostprocessing = 0;
		};
/* End PBXResourcesBuildPhase section */

/* Begin PBXShellScriptBuildPhase section */
		4CEDC48553F7E74838FC6C95 /* [CP] Embed Pods Frameworks */ = {
			isa = PBXShellScriptBuildPhase;
			buildActionMask = 2147483647;
			files = (
			);
			inputPaths = (
			);
			name = "[CP] Embed Pods Frameworks";
			outputPaths = (
			);
			runOnlyForDeploymentPostprocessing = 0;
			shellPath = /bin/sh;
			shellScript = "\"${SRCROOT}/Pods/Target Support Files/Pods-LQPlayerTests/Pods-LQPlayerTests-frameworks.sh\"\n";
			showEnvVarsInLog = 0;
		};
		546C3F5E3A706563F9B21CB3 /* [CP] Embed Pods Frameworks */ = {
			isa = PBXShellScriptBuildPhase;
			buildActionMask = 2147483647;
			files = (
			);
			inputPaths = (
			);
			name = "[CP] Embed Pods Frameworks";
			outputPaths = (
			);
			runOnlyForDeploymentPostprocessing = 0;
			shellPath = /bin/sh;
			shellScript = "\"${SRCROOT}/Pods/Target Support Files/Pods-LQPlayerUITests/Pods-LQPlayerUITests-frameworks.sh\"\n";
			showEnvVarsInLog = 0;
		};
		551638C0E885E709C144BC74 /* [CP] Check Pods Manifest.lock */ = {
			isa = PBXShellScriptBuildPhase;
			buildActionMask = 2147483647;
			files = (
			);
			inputPaths = (
				"${PODS_PODFILE_DIR_PATH}/Podfile.lock",
				"${PODS_ROOT}/Manifest.lock",
			);
			name = "[CP] Check Pods Manifest.lock";
			outputPaths = (
				"$(DERIVED_FILE_DIR)/Pods-LQPlayerTests-checkManifestLockResult.txt",
			);
			runOnlyForDeploymentPostprocessing = 0;
			shellPath = /bin/sh;
			shellScript = "diff \"${PODS_PODFILE_DIR_PATH}/Podfile.lock\" \"${PODS_ROOT}/Manifest.lock\" > /dev/null\nif [ $? != 0 ] ; then\n    # print error to STDERR\n    echo \"error: The sandbox is not in sync with the Podfile.lock. Run 'pod install' or update your CocoaPods installation.\" >&2\n    exit 1\nfi\n# This output is used by Xcode 'outputs' to avoid re-running this script phase.\necho \"SUCCESS\" > \"${SCRIPT_OUTPUT_FILE_0}\"\n";
			showEnvVarsInLog = 0;
		};
		85C5FC0BFC66DB0BB38522F5 /* [CP] Embed Pods Frameworks */ = {
			isa = PBXShellScriptBuildPhase;
			buildActionMask = 2147483647;
			files = (
			);
			inputPaths = (
				"${SRCROOT}/Pods/Target Support Files/Pods-LQPlayer/Pods-LQPlayer-frameworks.sh",
				"${BUILT_PRODUCTS_DIR}/FSPagerView/FSPagerView.framework",
				"${BUILT_PRODUCTS_DIR}/MBProgressHUD/MBProgressHUD.framework",
				"${BUILT_PRODUCTS_DIR}/Permission/Permission.framework",
				"${BUILT_PRODUCTS_DIR}/SnapKit/SnapKit.framework",
				"${BUILT_PRODUCTS_DIR}/SwiftDate/SwiftDate.framework",
				"${BUILT_PRODUCTS_DIR}/SwiftyTimer/SwiftyTimer.framework",
				"${BUILT_PRODUCTS_DIR}/XLPagerTabStrip/XLPagerTabStrip.framework",
			);
			name = "[CP] Embed Pods Frameworks";
			outputPaths = (
				"${TARGET_BUILD_DIR}/${FRAMEWORKS_FOLDER_PATH}/FSPagerView.framework",
				"${TARGET_BUILD_DIR}/${FRAMEWORKS_FOLDER_PATH}/MBProgressHUD.framework",
				"${TARGET_BUILD_DIR}/${FRAMEWORKS_FOLDER_PATH}/Permission.framework",
				"${TARGET_BUILD_DIR}/${FRAMEWORKS_FOLDER_PATH}/SnapKit.framework",
				"${TARGET_BUILD_DIR}/${FRAMEWORKS_FOLDER_PATH}/SwiftDate.framework",
				"${TARGET_BUILD_DIR}/${FRAMEWORKS_FOLDER_PATH}/SwiftyTimer.framework",
				"${TARGET_BUILD_DIR}/${FRAMEWORKS_FOLDER_PATH}/XLPagerTabStrip.framework",
			);
			runOnlyForDeploymentPostprocessing = 0;
			shellPath = /bin/sh;
			shellScript = "\"${SRCROOT}/Pods/Target Support Files/Pods-LQPlayer/Pods-LQPlayer-frameworks.sh\"\n";
			showEnvVarsInLog = 0;
		};
		8A1F84E40AEA7F61C47FB638 /* [CP] Copy Pods Resources */ = {
			isa = PBXShellScriptBuildPhase;
			buildActionMask = 2147483647;
			files = (
			);
			inputPaths = (
			);
			name = "[CP] Copy Pods Resources";
			outputPaths = (
			);
			runOnlyForDeploymentPostprocessing = 0;
			shellPath = /bin/sh;
			shellScript = "\"${SRCROOT}/Pods/Target Support Files/Pods-LQPlayerUITests/Pods-LQPlayerUITests-resources.sh\"\n";
			showEnvVarsInLog = 0;
		};
		94032384F7914DAE359351F3 /* [CP] Check Pods Manifest.lock */ = {
			isa = PBXShellScriptBuildPhase;
			buildActionMask = 2147483647;
			files = (
			);
			inputPaths = (
				"${PODS_PODFILE_DIR_PATH}/Podfile.lock",
				"${PODS_ROOT}/Manifest.lock",
			);
			name = "[CP] Check Pods Manifest.lock";
			outputPaths = (
				"$(DERIVED_FILE_DIR)/Pods-LQPlayerUITests-checkManifestLockResult.txt",
			);
			runOnlyForDeploymentPostprocessing = 0;
			shellPath = /bin/sh;
			shellScript = "diff \"${PODS_PODFILE_DIR_PATH}/Podfile.lock\" \"${PODS_ROOT}/Manifest.lock\" > /dev/null\nif [ $? != 0 ] ; then\n    # print error to STDERR\n    echo \"error: The sandbox is not in sync with the Podfile.lock. Run 'pod install' or update your CocoaPods installation.\" >&2\n    exit 1\nfi\n# This output is used by Xcode 'outputs' to avoid re-running this script phase.\necho \"SUCCESS\" > \"${SCRIPT_OUTPUT_FILE_0}\"\n";
			showEnvVarsInLog = 0;
		};
		94B3CCC425031207999F22ED /* [CP] Copy Pods Resources */ = {
			isa = PBXShellScriptBuildPhase;
			buildActionMask = 2147483647;
			files = (
			);
			inputPaths = (
			);
			name = "[CP] Copy Pods Resources";
			outputPaths = (
			);
			runOnlyForDeploymentPostprocessing = 0;
			shellPath = /bin/sh;
			shellScript = "\"${SRCROOT}/Pods/Target Support Files/Pods-LQPlayerTests/Pods-LQPlayerTests-resources.sh\"\n";
			showEnvVarsInLog = 0;
		};
		9A8C124D995268F3F44467CD /* [CP] Check Pods Manifest.lock */ = {
			isa = PBXShellScriptBuildPhase;
			buildActionMask = 2147483647;
			files = (
			);
			inputPaths = (
				"${PODS_PODFILE_DIR_PATH}/Podfile.lock",
				"${PODS_ROOT}/Manifest.lock",
			);
			name = "[CP] Check Pods Manifest.lock";
			outputPaths = (
				"$(DERIVED_FILE_DIR)/Pods-LQPlayer-checkManifestLockResult.txt",
			);
			runOnlyForDeploymentPostprocessing = 0;
			shellPath = /bin/sh;
			shellScript = "diff \"${PODS_PODFILE_DIR_PATH}/Podfile.lock\" \"${PODS_ROOT}/Manifest.lock\" > /dev/null\nif [ $? != 0 ] ; then\n    # print error to STDERR\n    echo \"error: The sandbox is not in sync with the Podfile.lock. Run 'pod install' or update your CocoaPods installation.\" >&2\n    exit 1\nfi\n# This output is used by Xcode 'outputs' to avoid re-running this script phase.\necho \"SUCCESS\" > \"${SCRIPT_OUTPUT_FILE_0}\"\n";
			showEnvVarsInLog = 0;
		};
		EE4942711EF4C456582FC345 /* [CP] Copy Pods Resources */ = {
			isa = PBXShellScriptBuildPhase;
			buildActionMask = 2147483647;
			files = (
			);
			inputPaths = (
			);
			name = "[CP] Copy Pods Resources";
			outputPaths = (
			);
			runOnlyForDeploymentPostprocessing = 0;
			shellPath = /bin/sh;
			shellScript = "\"${SRCROOT}/Pods/Target Support Files/Pods-LQPlayer/Pods-LQPlayer-resources.sh\"\n";
			showEnvVarsInLog = 0;
		};
/* End PBXShellScriptBuildPhase section */

/* Begin PBXSourcesBuildPhase section */
		62F7C1A0205114FA009E3F4E /* Sources */ = {
			isa = PBXSourcesBuildPhase;
			buildActionMask = 2147483647;
			files = (
				628D0C4120635FE7008AB20F /* LQMdeiaBrowserManager.swift in Sources */,
				6242BCB220660C9600DC53C4 /* GridViewCell.swift in Sources */,
				62F7C1AA205114FA009E3F4E /* ViewController.swift in Sources */,
				6242BCC92069F59900DC53C4 /* PhotoBrowserCell.swift in Sources */,
				62F204AC206DEAFE00B7E9FF /* TabBarViewController.swift in Sources */,
				6242BCBD2068F5E000DC53C4 /* Store.swift in Sources */,
				62F7C1A8205114FA009E3F4E /* AppDelegate.swift in Sources */,
				628D0C3D2062309D008AB20F /* AlbumCollectionViewController.swift in Sources */,
				6242BCB42066565B00DC53C4 /* GirdReusableView.swift in Sources */,
				6242BCC12068FA4300DC53C4 /* MediaBrowserViewControllerDelegate.swift in Sources */,
				6242BCBF2068F90B00DC53C4 /* MediaBrowserLayout.swift in Sources */,
				6242BCBA2068F48200DC53C4 /* ScaleAnimatorCoordinator.swift in Sources */,
				62F7C1D6205120F3009E3F4E /* PhotoCollectionViewCell.swift in Sources */,
				6242BCC52068FD9600DC53C4 /* MediaBrowserCollectionViewDataSource.swift in Sources */,
				628D0C3F2063505C008AB20F /* AssetGridViewController.swift in Sources */,
				6242BCB62068DAA400DC53C4 /* MediaBrowserViewController.swift in Sources */,
				6242BCCF206B770600DC53C4 /* Utils.swift in Sources */,
				6242BCC72069D90900DC53C4 /* AssetModel.swift in Sources */,
				6242BCB92068F48200DC53C4 /* ScaleAnimator.swift in Sources */,
				6242BCCB2069F5CE00DC53C4 /* VideoBrowserCell.swift in Sources */,
				6242BCC32068FCEF00DC53C4 /* BrowserCollectionView.swift in Sources */,
			);
			runOnlyForDeploymentPostprocessing = 0;
		};
		62F7C1B4205114FA009E3F4E /* Sources */ = {
			isa = PBXSourcesBuildPhase;
			buildActionMask = 2147483647;
			files = (
				62F7C1BD205114FA009E3F4E /* LQPlayerTests.swift in Sources */,
			);
			runOnlyForDeploymentPostprocessing = 0;
		};
		62F7C1BF205114FA009E3F4E /* Sources */ = {
			isa = PBXSourcesBuildPhase;
			buildActionMask = 2147483647;
			files = (
				62F7C1C8205114FA009E3F4E /* LQPlayerUITests.swift in Sources */,
			);
			runOnlyForDeploymentPostprocessing = 0;
		};
/* End PBXSourcesBuildPhase section */

/* Begin PBXTargetDependency section */
		62F7C1BA205114FA009E3F4E /* PBXTargetDependency */ = {
			isa = PBXTargetDependency;
			target = 62F7C1A3205114FA009E3F4E /* LQPlayer */;
			targetProxy = 62F7C1B9205114FA009E3F4E /* PBXContainerItemProxy */;
		};
		62F7C1C5205114FA009E3F4E /* PBXTargetDependency */ = {
			isa = PBXTargetDependency;
			target = 62F7C1A3205114FA009E3F4E /* LQPlayer */;
			targetProxy = 62F7C1C4205114FA009E3F4E /* PBXContainerItemProxy */;
		};
/* End PBXTargetDependency section */

/* Begin PBXVariantGroup section */
		62F204AF206DF94F00B7E9FF /* Album.storyboard */ = {
			isa = PBXVariantGroup;
			children = (
				62F204B0206DF94F00B7E9FF /* Base */,
			);
			name = Album.storyboard;
			sourceTree = "<group>";
		};
		62F204B1206DF94F00B7E9FF /* Other.storyboard */ = {
			isa = PBXVariantGroup;
			children = (
				62F204B2206DF94F00B7E9FF /* Base */,
			);
			name = Other.storyboard;
			sourceTree = "<group>";
		};
		62F7C1AB205114FA009E3F4E /* Main.storyboard */ = {
			isa = PBXVariantGroup;
			children = (
				62F7C1AC205114FA009E3F4E /* Base */,
			);
			name = Main.storyboard;
			sourceTree = "<group>";
		};
		62F7C1B0205114FA009E3F4E /* LaunchScreen.storyboard */ = {
			isa = PBXVariantGroup;
			children = (
				62F7C1B1205114FA009E3F4E /* Base */,
			);
			name = LaunchScreen.storyboard;
			sourceTree = "<group>";
		};
/* End PBXVariantGroup section */

/* Begin XCBuildConfiguration section */
		62F7C1CA205114FA009E3F4E /* Debug */ = {
			isa = XCBuildConfiguration;
			buildSettings = {
				ALWAYS_SEARCH_USER_PATHS = NO;
				CLANG_ANALYZER_NONNULL = YES;
				CLANG_ANALYZER_NUMBER_OBJECT_CONVERSION = YES_AGGRESSIVE;
				CLANG_CXX_LANGUAGE_STANDARD = "gnu++14";
				CLANG_CXX_LIBRARY = "libc++";
				CLANG_ENABLE_MODULES = YES;
				CLANG_ENABLE_OBJC_ARC = YES;
				CLANG_WARN_BLOCK_CAPTURE_AUTORELEASING = YES;
				CLANG_WARN_BOOL_CONVERSION = YES;
				CLANG_WARN_COMMA = YES;
				CLANG_WARN_CONSTANT_CONVERSION = YES;
				CLANG_WARN_DIRECT_OBJC_ISA_USAGE = YES_ERROR;
				CLANG_WARN_DOCUMENTATION_COMMENTS = YES;
				CLANG_WARN_EMPTY_BODY = YES;
				CLANG_WARN_ENUM_CONVERSION = YES;
				CLANG_WARN_INFINITE_RECURSION = YES;
				CLANG_WARN_INT_CONVERSION = YES;
				CLANG_WARN_NON_LITERAL_NULL_CONVERSION = YES;
				CLANG_WARN_OBJC_LITERAL_CONVERSION = YES;
				CLANG_WARN_OBJC_ROOT_CLASS = YES_ERROR;
				CLANG_WARN_RANGE_LOOP_ANALYSIS = YES;
				CLANG_WARN_STRICT_PROTOTYPES = YES;
				CLANG_WARN_SUSPICIOUS_MOVE = YES;
				CLANG_WARN_UNGUARDED_AVAILABILITY = YES_AGGRESSIVE;
				CLANG_WARN_UNREACHABLE_CODE = YES;
				CLANG_WARN__DUPLICATE_METHOD_MATCH = YES;
				CODE_SIGN_IDENTITY = "iPhone Developer";
				COPY_PHASE_STRIP = NO;
				DEBUG_INFORMATION_FORMAT = dwarf;
				ENABLE_STRICT_OBJC_MSGSEND = YES;
				ENABLE_TESTABILITY = YES;
				GCC_C_LANGUAGE_STANDARD = gnu11;
				GCC_DYNAMIC_NO_PIC = NO;
				GCC_NO_COMMON_BLOCKS = YES;
				GCC_OPTIMIZATION_LEVEL = 0;
				GCC_PREPROCESSOR_DEFINITIONS = (
					"DEBUG=1",
					"$(inherited)",
				);
				GCC_WARN_64_TO_32_BIT_CONVERSION = YES;
				GCC_WARN_ABOUT_RETURN_TYPE = YES_ERROR;
				GCC_WARN_UNDECLARED_SELECTOR = YES;
				GCC_WARN_UNINITIALIZED_AUTOS = YES_AGGRESSIVE;
				GCC_WARN_UNUSED_FUNCTION = YES;
				GCC_WARN_UNUSED_VARIABLE = YES;
				IPHONEOS_DEPLOYMENT_TARGET = 11.2;
				MTL_ENABLE_DEBUG_INFO = YES;
				ONLY_ACTIVE_ARCH = YES;
				SDKROOT = iphoneos;
				SWIFT_ACTIVE_COMPILATION_CONDITIONS = DEBUG;
				SWIFT_OPTIMIZATION_LEVEL = "-Onone";
			};
			name = Debug;
		};
		62F7C1CB205114FA009E3F4E /* Release */ = {
			isa = XCBuildConfiguration;
			buildSettings = {
				ALWAYS_SEARCH_USER_PATHS = NO;
				CLANG_ANALYZER_NONNULL = YES;
				CLANG_ANALYZER_NUMBER_OBJECT_CONVERSION = YES_AGGRESSIVE;
				CLANG_CXX_LANGUAGE_STANDARD = "gnu++14";
				CLANG_CXX_LIBRARY = "libc++";
				CLANG_ENABLE_MODULES = YES;
				CLANG_ENABLE_OBJC_ARC = YES;
				CLANG_WARN_BLOCK_CAPTURE_AUTORELEASING = YES;
				CLANG_WARN_BOOL_CONVERSION = YES;
				CLANG_WARN_COMMA = YES;
				CLANG_WARN_CONSTANT_CONVERSION = YES;
				CLANG_WARN_DIRECT_OBJC_ISA_USAGE = YES_ERROR;
				CLANG_WARN_DOCUMENTATION_COMMENTS = YES;
				CLANG_WARN_EMPTY_BODY = YES;
				CLANG_WARN_ENUM_CONVERSION = YES;
				CLANG_WARN_INFINITE_RECURSION = YES;
				CLANG_WARN_INT_CONVERSION = YES;
				CLANG_WARN_NON_LITERAL_NULL_CONVERSION = YES;
				CLANG_WARN_OBJC_LITERAL_CONVERSION = YES;
				CLANG_WARN_OBJC_ROOT_CLASS = YES_ERROR;
				CLANG_WARN_RANGE_LOOP_ANALYSIS = YES;
				CLANG_WARN_STRICT_PROTOTYPES = YES;
				CLANG_WARN_SUSPICIOUS_MOVE = YES;
				CLANG_WARN_UNGUARDED_AVAILABILITY = YES_AGGRESSIVE;
				CLANG_WARN_UNREACHABLE_CODE = YES;
				CLANG_WARN__DUPLICATE_METHOD_MATCH = YES;
				CODE_SIGN_IDENTITY = "iPhone Developer";
				COPY_PHASE_STRIP = NO;
				DEBUG_INFORMATION_FORMAT = "dwarf-with-dsym";
				ENABLE_NS_ASSERTIONS = NO;
				ENABLE_STRICT_OBJC_MSGSEND = YES;
				GCC_C_LANGUAGE_STANDARD = gnu11;
				GCC_NO_COMMON_BLOCKS = YES;
				GCC_WARN_64_TO_32_BIT_CONVERSION = YES;
				GCC_WARN_ABOUT_RETURN_TYPE = YES_ERROR;
				GCC_WARN_UNDECLARED_SELECTOR = YES;
				GCC_WARN_UNINITIALIZED_AUTOS = YES_AGGRESSIVE;
				GCC_WARN_UNUSED_FUNCTION = YES;
				GCC_WARN_UNUSED_VARIABLE = YES;
				IPHONEOS_DEPLOYMENT_TARGET = 11.2;
				MTL_ENABLE_DEBUG_INFO = NO;
				SDKROOT = iphoneos;
				SWIFT_OPTIMIZATION_LEVEL = "-Owholemodule";
				VALIDATE_PRODUCT = YES;
			};
			name = Release;
		};
		62F7C1CD205114FA009E3F4E /* Debug */ = {
			isa = XCBuildConfiguration;
			baseConfigurationReference = 53A3FD9214EB1C2F84E77D11 /* Pods-LQPlayer.debug.xcconfig */;
			buildSettings = {
				ASSETCATALOG_COMPILER_APPICON_NAME = AppIcon;
				CODE_SIGN_STYLE = Automatic;
				DEVELOPMENT_TEAM = 8F9SPP93T2;
				INFOPLIST_FILE = LQPlayer/Info.plist;
				LD_RUNPATH_SEARCH_PATHS = "$(inherited) @executable_path/Frameworks";
				PRODUCT_BUNDLE_IDENTIFIER = com.laiqutech.LQPlayer;
				PRODUCT_NAME = "$(TARGET_NAME)";
				SWIFT_VERSION = 4.0;
				TARGETED_DEVICE_FAMILY = "1,2";
			};
			name = Debug;
		};
		62F7C1CE205114FA009E3F4E /* Release */ = {
			isa = XCBuildConfiguration;
			baseConfigurationReference = 186EB397D3AF68593C070903 /* Pods-LQPlayer.release.xcconfig */;
			buildSettings = {
				ASSETCATALOG_COMPILER_APPICON_NAME = AppIcon;
				CODE_SIGN_STYLE = Automatic;
				DEVELOPMENT_TEAM = 8F9SPP93T2;
				INFOPLIST_FILE = LQPlayer/Info.plist;
				LD_RUNPATH_SEARCH_PATHS = "$(inherited) @executable_path/Frameworks";
				PRODUCT_BUNDLE_IDENTIFIER = com.laiqutech.LQPlayer;
				PRODUCT_NAME = "$(TARGET_NAME)";
				SWIFT_VERSION = 4.0;
				TARGETED_DEVICE_FAMILY = "1,2";
			};
			name = Release;
		};
		62F7C1D0205114FA009E3F4E /* Debug */ = {
			isa = XCBuildConfiguration;
			baseConfigurationReference = 37FD40C386075D0B35A815F5 /* Pods-LQPlayerTests.debug.xcconfig */;
			buildSettings = {
				ALWAYS_EMBED_SWIFT_STANDARD_LIBRARIES = YES;
				BUNDLE_LOADER = "$(TEST_HOST)";
				CODE_SIGN_STYLE = Automatic;
				INFOPLIST_FILE = LQPlayerTests/Info.plist;
				LD_RUNPATH_SEARCH_PATHS = "$(inherited) @executable_path/Frameworks @loader_path/Frameworks";
				PRODUCT_BUNDLE_IDENTIFIER = com.laiqutech.LQPlayerTests;
				PRODUCT_NAME = "$(TARGET_NAME)";
				SWIFT_VERSION = 4.0;
				TARGETED_DEVICE_FAMILY = "1,2";
				TEST_HOST = "$(BUILT_PRODUCTS_DIR)/LQPlayer.app/LQPlayer";
			};
			name = Debug;
		};
		62F7C1D1205114FA009E3F4E /* Release */ = {
			isa = XCBuildConfiguration;
			baseConfigurationReference = D5BFFA5B73A1E3BE629E8B62 /* Pods-LQPlayerTests.release.xcconfig */;
			buildSettings = {
				ALWAYS_EMBED_SWIFT_STANDARD_LIBRARIES = YES;
				BUNDLE_LOADER = "$(TEST_HOST)";
				CODE_SIGN_STYLE = Automatic;
				INFOPLIST_FILE = LQPlayerTests/Info.plist;
				LD_RUNPATH_SEARCH_PATHS = "$(inherited) @executable_path/Frameworks @loader_path/Frameworks";
				PRODUCT_BUNDLE_IDENTIFIER = com.laiqutech.LQPlayerTests;
				PRODUCT_NAME = "$(TARGET_NAME)";
				SWIFT_VERSION = 4.0;
				TARGETED_DEVICE_FAMILY = "1,2";
				TEST_HOST = "$(BUILT_PRODUCTS_DIR)/LQPlayer.app/LQPlayer";
			};
			name = Release;
		};
		62F7C1D3205114FA009E3F4E /* Debug */ = {
			isa = XCBuildConfiguration;
			baseConfigurationReference = F1F103EBB28EDB5C9F05B5B0 /* Pods-LQPlayerUITests.debug.xcconfig */;
			buildSettings = {
				ALWAYS_EMBED_SWIFT_STANDARD_LIBRARIES = YES;
				CODE_SIGN_STYLE = Automatic;
				INFOPLIST_FILE = LQPlayerUITests/Info.plist;
				LD_RUNPATH_SEARCH_PATHS = "$(inherited) @executable_path/Frameworks @loader_path/Frameworks";
				PRODUCT_BUNDLE_IDENTIFIER = com.laiqutech.LQPlayerUITests;
				PRODUCT_NAME = "$(TARGET_NAME)";
				SWIFT_VERSION = 4.0;
				TARGETED_DEVICE_FAMILY = "1,2";
				TEST_TARGET_NAME = LQPlayer;
			};
			name = Debug;
		};
		62F7C1D4205114FA009E3F4E /* Release */ = {
			isa = XCBuildConfiguration;
			baseConfigurationReference = 9D50AE245A58601F85A8C714 /* Pods-LQPlayerUITests.release.xcconfig */;
			buildSettings = {
				ALWAYS_EMBED_SWIFT_STANDARD_LIBRARIES = YES;
				CODE_SIGN_STYLE = Automatic;
				INFOPLIST_FILE = LQPlayerUITests/Info.plist;
				LD_RUNPATH_SEARCH_PATHS = "$(inherited) @executable_path/Frameworks @loader_path/Frameworks";
				PRODUCT_BUNDLE_IDENTIFIER = com.laiqutech.LQPlayerUITests;
				PRODUCT_NAME = "$(TARGET_NAME)";
				SWIFT_VERSION = 4.0;
				TARGETED_DEVICE_FAMILY = "1,2";
				TEST_TARGET_NAME = LQPlayer;
			};
			name = Release;
		};
/* End XCBuildConfiguration section */

/* Begin XCConfigurationList section */
		62F7C19F205114FA009E3F4E /* Build configuration list for PBXProject "LQPlayer" */ = {
			isa = XCConfigurationList;
			buildConfigurations = (
				62F7C1CA205114FA009E3F4E /* Debug */,
				62F7C1CB205114FA009E3F4E /* Release */,
			);
			defaultConfigurationIsVisible = 0;
			defaultConfigurationName = Release;
		};
		62F7C1CC205114FA009E3F4E /* Build configuration list for PBXNativeTarget "LQPlayer" */ = {
			isa = XCConfigurationList;
			buildConfigurations = (
				62F7C1CD205114FA009E3F4E /* Debug */,
				62F7C1CE205114FA009E3F4E /* Release */,
			);
			defaultConfigurationIsVisible = 0;
			defaultConfigurationName = Release;
		};
		62F7C1CF205114FA009E3F4E /* Build configuration list for PBXNativeTarget "LQPlayerTests" */ = {
			isa = XCConfigurationList;
			buildConfigurations = (
				62F7C1D0205114FA009E3F4E /* Debug */,
				62F7C1D1205114FA009E3F4E /* Release */,
			);
			defaultConfigurationIsVisible = 0;
			defaultConfigurationName = Release;
		};
		62F7C1D2205114FA009E3F4E /* Build configuration list for PBXNativeTarget "LQPlayerUITests" */ = {
			isa = XCConfigurationList;
			buildConfigurations = (
				62F7C1D3205114FA009E3F4E /* Debug */,
				62F7C1D4205114FA009E3F4E /* Release */,
			);
			defaultConfigurationIsVisible = 0;
			defaultConfigurationName = Release;
		};
/* End XCConfigurationList section */
	};
	rootObject = 62F7C19C205114FA009E3F4E /* Project object */;
}
